
Microsoft Visual Studio Solution File, Format Version 12.00
# Visual Studio Version 16
VisualStudioVersion = 16.0.32901.82
MinimumVisualStudioVersion = 10.0.40219.1
Project("{FAE04EC0-301F-11D3-BF4B-00C04F79EFBC}") = "Inser_and_Get_Data", "Inser_and_Get_Data\Inser_and_Get_Data.csproj", "{4E956E55-EA04-4A37-8370-7A6C82BC5D2D}"
EndProject
Global
	GlobalSection(SolutionConfigurationPlatforms) = preSolution
		Debug|Any CPU = Debug|Any CPU
		Release|Any CPU = Release|Any CPU
	EndGlobalSection
	GlobalSection(ProjectConfigurationPlatforms) = postSolution
		{4E956E55-EA04-4A37-8370-7A6C82BC5D2D}.Debug|Any CPU.ActiveCfg = Debug|Any CPU
		{4E956E55-EA04-4A37-8370-7A6C82BC5D2D}.Debug|Any CPU.Build.0 = Debug|Any CPU
		{4E956E55-EA04-4A37-8370-7A6C82BC5D2D}.Release|Any CPU.ActiveCfg = Release|Any CPU
		{4E956E55-EA04-4A37-8370-7A6C82BC5D2D}.Release|Any CPU.Build.0 = Release|Any CPU
	EndGlobalSection
	GlobalSection(SolutionProperties) = preSolution
		HideSolutionNode = FALSE
	EndGlobalSection
	GlobalSection(ExtensibilityGlobals) = postSolution
		SolutionGuid = {1DD114BC-7D3D-4241-9A13-D12A6493CEC8}
	EndGlobalSection
EndGlobal
